// !$*UTF8*$!
{
	archiveVersion = 1;
	classes = {
	};
	objectVersion = 50;
	objects = {

/* Begin PBXBuildFile section */
		522FED112189B9DF006B1742 /* main.swift in Sources */ = {isa = PBXBuildFile; fileRef = 5290CC072180AB7000B7A61C /* main.swift */; };
		523DAF552189CE18001EE629 /* Data+Extensions.swift in Sources */ = {isa = PBXBuildFile; fileRef = 5297118121861C520031F093 /* Data+Extensions.swift */; };
		523DAF562189CE18001EE629 /* DS125Data.swift in Sources */ = {isa = PBXBuildFile; fileRef = 5297118321861C530031F093 /* DS125Data.swift */; };
		523DAF572189CE18001EE629 /* SECG.swift in Sources */ = {isa = PBXBuildFile; fileRef = 5297118621861C530031F093 /* SECG.swift */; };
		523DAF582189CE18001EE629 /* SECGGU.swift in Sources */ = {isa = PBXBuildFile; fileRef = 5297118721861C530031F093 /* SECGGU.swift */; };
		523DAF592189CE18001EE629 /* SEROC.swift in Sources */ = {isa = PBXBuildFile; fileRef = 5297118421861C530031F093 /* SEROC.swift */; };
		523DAF5A2189CE18001EE629 /* SEROCGU.swift in Sources */ = {isa = PBXBuildFile; fileRef = 5297117E21861C520031F093 /* SEROCGU.swift */; };
		523DAF5B2189CE1C001EE629 /* TO.swift in Sources */ = {isa = PBXBuildFile; fileRef = 5297117F21861C520031F093 /* TO.swift */; };
		523DAF5C2189CE1C001EE629 /* Rotation_TO.swift in Sources */ = {isa = PBXBuildFile; fileRef = 52600FF22187550500D30133 /* Rotation_TO.swift */; };
		523DAF5D2189CE1C001EE629 /* TODistance_TO.swift in Sources */ = {isa = PBXBuildFile; fileRef = 52600FEE2187546400D30133 /* TODistance_TO.swift */; };
		523DAF5E2189CE1C001EE629 /* FiftyFtAlt_TO.swift in Sources */ = {isa = PBXBuildFile; fileRef = 52600FF52187562000D30133 /* FiftyFtAlt_TO.swift */; };
		523DAF5F2189CE1C001EE629 /* DistTo50Ft_TO.swift in Sources */ = {isa = PBXBuildFile; fileRef = 52600FF82187575E00D30133 /* DistTo50Ft_TO.swift */; };
		523DAF602189CE1C001EE629 /* TO2Eng_TO.swift in Sources */ = {isa = PBXBuildFile; fileRef = 52600FFB2187582800D30133 /* TO2Eng_TO.swift */; };
		523DAF612189CE1C001EE629 /* TO1Eng_TO.swift in Sources */ = {isa = PBXBuildFile; fileRef = 52600FFE218758FD00D30133 /* TO1Eng_TO.swift */; };
		523DAF622189CE1C001EE629 /* SECG_TO.swift in Sources */ = {isa = PBXBuildFile; fileRef = 526010012188270400D30133 /* SECG_TO.swift */; };
		523DAF632189CE1C001EE629 /* CEFAS_TO.swift in Sources */ = {isa = PBXBuildFile; fileRef = 526010042188279C00D30133 /* CEFAS_TO.swift */; };
		523DAF642189CE1C001EE629 /* CFL_TO.swift in Sources */ = {isa = PBXBuildFile; fileRef = 526010072188291000D30133 /* CFL_TO.swift */; };
		523DAF652189CE1C001EE629 /* BL_GRD_Run_SE_TO.swift in Sources */ = {isa = PBXBuildFile; fileRef = 5260100D21882A2900D30133 /* BL_GRD_Run_SE_TO.swift */; };
		523DAF662189CE1C001EE629 /* TwoHundredFtMn_TO.swift in Sources */ = {isa = PBXBuildFile; fileRef = 5260101021882B2200D30133 /* TwoHundredFtMn_TO.swift */; };
		523DAF672189CE21001EE629 /* TO2.swift in Sources */ = {isa = PBXBuildFile; fileRef = 5297118521861C530031F093 /* TO2.swift */; };
		523DAF682189CE21001EE629 /* TODistance_TO2.swift in Sources */ = {isa = PBXBuildFile; fileRef = 5260101421882F9600D30133 /* TODistance_TO2.swift */; };
		523DAF692189CE21001EE629 /* DistTo50Ft_TO2.swift in Sources */ = {isa = PBXBuildFile; fileRef = 526010192188CC5300D30133 /* DistTo50Ft_TO2.swift */; };
		523DAF6A2189CE25001EE629 /* GonkTOData.swift in Sources */ = {isa = PBXBuildFile; fileRef = 5290CC1D2180ACE000B7A61C /* GonkTOData.swift */; };
		523DAF6B2189CE2B001EE629 /* TOD_11000Lbs.swift in Sources */ = {isa = PBXBuildFile; fileRef = 529951622184884E004002EE /* TOD_11000Lbs.swift */; };
		523DAF6C2189CE2B001EE629 /* TOD_11500Lbs.swift in Sources */ = {isa = PBXBuildFile; fileRef = 5299516521848EB6004002EE /* TOD_11500Lbs.swift */; };
		523DAF6D2189CE2B001EE629 /* TOD_12000Lbs.swift in Sources */ = {isa = PBXBuildFile; fileRef = 529951682184912E004002EE /* TOD_12000Lbs.swift */; };
		523DAF6E2189CE2B001EE629 /* TOD_12500Lbs.swift in Sources */ = {isa = PBXBuildFile; fileRef = 5299516B218494B9004002EE /* TOD_12500Lbs.swift */; };
		523DAF6F2189CE2B001EE629 /* TOD_12700Lbs.swift in Sources */ = {isa = PBXBuildFile; fileRef = 5299516E218496D4004002EE /* TOD_12700Lbs.swift */; };
		523DAF702189CE2B001EE629 /* TOD_13000Lbs.swift in Sources */ = {isa = PBXBuildFile; fileRef = 52995171218499AA004002EE /* TOD_13000Lbs.swift */; };
		523DAF712189CE2B001EE629 /* TOD_13500Lbs.swift in Sources */ = {isa = PBXBuildFile; fileRef = 52995174218499BE004002EE /* TOD_13500Lbs.swift */; };
		523DAF722189CE2B001EE629 /* TOD_14000Lbs.swift in Sources */ = {isa = PBXBuildFile; fileRef = 52995177218499D0004002EE /* TOD_14000Lbs.swift */; };
		523DAF732189CE2B001EE629 /* NACSData.swift in Sources */ = {isa = PBXBuildFile; fileRef = 5290CC1E2180ACE000B7A61C /* NACSData.swift */; };
		523DAF742189CE2B001EE629 /* SETOSData.swift in Sources */ = {isa = PBXBuildFile; fileRef = 5290CC2A2180ACE100B7A61C /* SETOSData.swift */; };
		523DAF752189CE2B001EE629 /* CEFSData.swift in Sources */ = {isa = PBXBuildFile; fileRef = 5290CC2E2180ACE100B7A61C /* CEFSData.swift */; };
		523DAF762189CE2B001EE629 /* CFLData.swift in Sources */ = {isa = PBXBuildFile; fileRef = 5290CC242180ACE000B7A61C /* CFLData.swift */; };
		523DAF772189CE2B001EE629 /* TakeOffDistanceData.swift in Sources */ = {isa = PBXBuildFile; fileRef = 5290CC2B2180ACE100B7A61C /* TakeOffDistanceData.swift */; };
		523DAF782189CE2B001EE629 /* Inputs.swift in Sources */ = {isa = PBXBuildFile; fileRef = 5290CC6C2180BD0200B7A61C /* Inputs.swift */; };
		523DAF792189CE31001EE629 /* GonkSECG.swift in Sources */ = {isa = PBXBuildFile; fileRef = 5290CC6A2180BC4C00B7A61C /* GonkSECG.swift */; };
		523DAF7A2189CE31001EE629 /* SECG190KiasFtNmData.swift in Sources */ = {isa = PBXBuildFile; fileRef = 5290CC212180ACE000B7A61C /* SECG190KiasFtNmData.swift */; };
		523DAF7B2189CE31001EE629 /* SECG190KiasNMIData.swift in Sources */ = {isa = PBXBuildFile; fileRef = 5290CC262180ACE000B7A61C /* SECG190KiasNMIData.swift */; };
		523DAF7C2189CE31001EE629 /* SECG200ftNmGDKiasData.swift in Sources */ = {isa = PBXBuildFile; fileRef = 5290CC202180ACE000B7A61C /* SECG200ftNmGDKiasData.swift */; };
		523DAF7D2189CE31001EE629 /* SECG200FtNmGDNMIData.swift in Sources */ = {isa = PBXBuildFile; fileRef = 5290CC292180ACE100B7A61C /* SECG200FtNmGDNMIData.swift */; };
		523DAF7E2189CE3B001EE629 /* GonkRS.swift in Sources */ = {isa = PBXBuildFile; fileRef = 5290CC1C2180ACE000B7A61C /* GonkRS.swift */; };
		523DAF7F2189CE3B001EE629 /* RS_BEOData.swift in Sources */ = {isa = PBXBuildFile; fileRef = 5290CC2C2180ACE100B7A61C /* RS_BEOData.swift */; };
		523DAF802189CE3B001EE629 /* RS_EFData.swift in Sources */ = {isa = PBXBuildFile; fileRef = 5290CC232180ACE000B7A61C /* RS_EFData.swift */; };
		523DAF812189CE3F001EE629 /* GonkDS.swift in Sources */ = {isa = PBXBuildFile; fileRef = 5290CC272180ACE100B7A61C /* GonkDS.swift */; };
		523DAF822189CE3F001EE629 /* DSData.swift in Sources */ = {isa = PBXBuildFile; fileRef = 5290CC1F2180ACE000B7A61C /* DSData.swift */; };
		523DAF832189CE3F001EE629 /* TemplateGonk.swift in Sources */ = {isa = PBXBuildFile; fileRef = 52BC36752181173F003B8186 /* TemplateGonk.swift */; };
		523DAF842189CE45001EE629 /* Corrections.swift in Sources */ = {isa = PBXBuildFile; fileRef = 5290CC1B2180ACE000B7A61C /* Corrections.swift */; };
		523DAF852189CE45001EE629 /* DensityRatio.swift in Sources */ = {isa = PBXBuildFile; fileRef = 5290CC252180ACE000B7A61C /* DensityRatio.swift */; };
		523DAF862189CE45001EE629 /* Double+Extensions.swift in Sources */ = {isa = PBXBuildFile; fileRef = 5290CC302180ACE100B7A61C /* Double+Extensions.swift */; };
		523DAF872189CE45001EE629 /* TOLDError.swift in Sources */ = {isa = PBXBuildFile; fileRef = 5290CC222180ACE000B7A61C /* TOLDError.swift */; };
		523DAF882189CE45001EE629 /* Wind.swift in Sources */ = {isa = PBXBuildFile; fileRef = 5290CC282180ACE100B7A61C /* Wind.swift */; };
		523DAF892189CE49001EE629 /* TO_3.swift in Sources */ = {isa = PBXBuildFile; fileRef = 52F9D972218903D5002328F9 /* TO_3.swift */; };
		523DAF8A2189CE49001EE629 /* ArraySolver.swift in Sources */ = {isa = PBXBuildFile; fileRef = 5290CC2F2180ACE100B7A61C /* ArraySolver.swift */; };
		523DAF8B2189CE49001EE629 /* DS_Data.swift in Sources */ = {isa = PBXBuildFile; fileRef = 5290CC2D2180ACE100B7A61C /* DS_Data.swift */; };
		523DAF8C2189CE49001EE629 /* GonkCleaned.swift in Sources */ = {isa = PBXBuildFile; fileRef = 5290CC1A2180ACE000B7A61C /* GonkCleaned.swift */; };
		523DAF8D2189CE49001EE629 /* GonkScrap.swift in Sources */ = {isa = PBXBuildFile; fileRef = 5290CC6F2181073800B7A61C /* GonkScrap.swift */; };
		52600FEF2187546400D30133 /* TODistance_TO.swift in Sources */ = {isa = PBXBuildFile; fileRef = 52600FEE2187546400D30133 /* TODistance_TO.swift */; };
		52600FF32187550500D30133 /* Rotation_TO.swift in Sources */ = {isa = PBXBuildFile; fileRef = 52600FF22187550500D30133 /* Rotation_TO.swift */; };
		52600FF62187562000D30133 /* FiftyFtAlt_TO.swift in Sources */ = {isa = PBXBuildFile; fileRef = 52600FF52187562000D30133 /* FiftyFtAlt_TO.swift */; };
		52600FF92187575E00D30133 /* DistTo50Ft_TO.swift in Sources */ = {isa = PBXBuildFile; fileRef = 52600FF82187575E00D30133 /* DistTo50Ft_TO.swift */; };
		52600FFC2187582800D30133 /* TO2Eng_TO.swift in Sources */ = {isa = PBXBuildFile; fileRef = 52600FFB2187582800D30133 /* TO2Eng_TO.swift */; };
		52600FFF218758FD00D30133 /* TO1Eng_TO.swift in Sources */ = {isa = PBXBuildFile; fileRef = 52600FFE218758FD00D30133 /* TO1Eng_TO.swift */; };
		526010022188270400D30133 /* SECG_TO.swift in Sources */ = {isa = PBXBuildFile; fileRef = 526010012188270400D30133 /* SECG_TO.swift */; };
		526010052188279C00D30133 /* CEFAS_TO.swift in Sources */ = {isa = PBXBuildFile; fileRef = 526010042188279C00D30133 /* CEFAS_TO.swift */; };
		526010082188291000D30133 /* CFL_TO.swift in Sources */ = {isa = PBXBuildFile; fileRef = 526010072188291000D30133 /* CFL_TO.swift */; };
		5260100E21882A2900D30133 /* BL_GRD_Run_SE_TO.swift in Sources */ = {isa = PBXBuildFile; fileRef = 5260100D21882A2900D30133 /* BL_GRD_Run_SE_TO.swift */; };
		5260101121882B2200D30133 /* TwoHundredFtMn_TO.swift in Sources */ = {isa = PBXBuildFile; fileRef = 5260101021882B2200D30133 /* TwoHundredFtMn_TO.swift */; };
		5260101521882F9600D30133 /* TODistance_TO2.swift in Sources */ = {isa = PBXBuildFile; fileRef = 5260101421882F9600D30133 /* TODistance_TO2.swift */; };
		526010182188C43E00D30133 /* TO2_UnitTest.swift in Sources */ = {isa = PBXBuildFile; fileRef = 526010172188C43E00D30133 /* TO2_UnitTest.swift */; };
		5260101A2188CC5300D30133 /* DistTo50Ft_TO2.swift in Sources */ = {isa = PBXBuildFile; fileRef = 526010192188CC5300D30133 /* DistTo50Ft_TO2.swift */; };
		5260101E2188CE1E00D30133 /* TO_UnitTest.swift in Sources */ = {isa = PBXBuildFile; fileRef = 5260101D2188CE1E00D30133 /* TO_UnitTest.swift */; };
		5290CC082180AB7000B7A61C /* main.swift in Sources */ = {isa = PBXBuildFile; fileRef = 5290CC072180AB7000B7A61C /* main.swift */; };
		5290CC312180ACE100B7A61C /* GonkCleaned.swift in Sources */ = {isa = PBXBuildFile; fileRef = 5290CC1A2180ACE000B7A61C /* GonkCleaned.swift */; };
		5290CC322180ACE100B7A61C /* Corrections.swift in Sources */ = {isa = PBXBuildFile; fileRef = 5290CC1B2180ACE000B7A61C /* Corrections.swift */; };
		5290CC332180ACE100B7A61C /* GonkRS.swift in Sources */ = {isa = PBXBuildFile; fileRef = 5290CC1C2180ACE000B7A61C /* GonkRS.swift */; };
		5290CC342180ACE100B7A61C /* GonkTOData.swift in Sources */ = {isa = PBXBuildFile; fileRef = 5290CC1D2180ACE000B7A61C /* GonkTOData.swift */; };
		5290CC352180ACE100B7A61C /* NACSData.swift in Sources */ = {isa = PBXBuildFile; fileRef = 5290CC1E2180ACE000B7A61C /* NACSData.swift */; };
		5290CC362180ACE100B7A61C /* DSData.swift in Sources */ = {isa = PBXBuildFile; fileRef = 5290CC1F2180ACE000B7A61C /* DSData.swift */; };
		5290CC372180ACE100B7A61C /* SECG200ftNmGDKiasData.swift in Sources */ = {isa = PBXBuildFile; fileRef = 5290CC202180ACE000B7A61C /* SECG200ftNmGDKiasData.swift */; };
		5290CC382180ACE100B7A61C /* SECG190KiasFtNmData.swift in Sources */ = {isa = PBXBuildFile; fileRef = 5290CC212180ACE000B7A61C /* SECG190KiasFtNmData.swift */; };
		5290CC392180ACE100B7A61C /* TOLDError.swift in Sources */ = {isa = PBXBuildFile; fileRef = 5290CC222180ACE000B7A61C /* TOLDError.swift */; };
		5290CC3A2180ACE100B7A61C /* RS_EFData.swift in Sources */ = {isa = PBXBuildFile; fileRef = 5290CC232180ACE000B7A61C /* RS_EFData.swift */; };
		5290CC3B2180ACE100B7A61C /* CFLData.swift in Sources */ = {isa = PBXBuildFile; fileRef = 5290CC242180ACE000B7A61C /* CFLData.swift */; };
		5290CC3C2180ACE100B7A61C /* DensityRatio.swift in Sources */ = {isa = PBXBuildFile; fileRef = 5290CC252180ACE000B7A61C /* DensityRatio.swift */; };
		5290CC3D2180ACE100B7A61C /* SECG190KiasNMIData.swift in Sources */ = {isa = PBXBuildFile; fileRef = 5290CC262180ACE000B7A61C /* SECG190KiasNMIData.swift */; };
		5290CC3E2180ACE100B7A61C /* GonkDS.swift in Sources */ = {isa = PBXBuildFile; fileRef = 5290CC272180ACE100B7A61C /* GonkDS.swift */; };
		5290CC3F2180ACE100B7A61C /* Wind.swift in Sources */ = {isa = PBXBuildFile; fileRef = 5290CC282180ACE100B7A61C /* Wind.swift */; };
		5290CC402180ACE100B7A61C /* SECG200FtNmGDNMIData.swift in Sources */ = {isa = PBXBuildFile; fileRef = 5290CC292180ACE100B7A61C /* SECG200FtNmGDNMIData.swift */; };
		5290CC412180ACE100B7A61C /* SETOSData.swift in Sources */ = {isa = PBXBuildFile; fileRef = 5290CC2A2180ACE100B7A61C /* SETOSData.swift */; };
		5290CC422180ACE100B7A61C /* TakeOffDistanceData.swift in Sources */ = {isa = PBXBuildFile; fileRef = 5290CC2B2180ACE100B7A61C /* TakeOffDistanceData.swift */; };
		5290CC432180ACE100B7A61C /* RS_BEOData.swift in Sources */ = {isa = PBXBuildFile; fileRef = 5290CC2C2180ACE100B7A61C /* RS_BEOData.swift */; };
		5290CC442180ACE100B7A61C /* DS_Data.swift in Sources */ = {isa = PBXBuildFile; fileRef = 5290CC2D2180ACE100B7A61C /* DS_Data.swift */; };
		5290CC452180ACE100B7A61C /* CEFSData.swift in Sources */ = {isa = PBXBuildFile; fileRef = 5290CC2E2180ACE100B7A61C /* CEFSData.swift */; };
		5290CC462180ACE100B7A61C /* ArraySolver.swift in Sources */ = {isa = PBXBuildFile; fileRef = 5290CC2F2180ACE100B7A61C /* ArraySolver.swift */; };
		5290CC472180ACE100B7A61C /* Double+Extensions.swift in Sources */ = {isa = PBXBuildFile; fileRef = 5290CC302180ACE100B7A61C /* Double+Extensions.swift */; };
		5290CC4A2180ACEE00B7A61C /* CFLTest.swift in Sources */ = {isa = PBXBuildFile; fileRef = 5290CC482180ACEE00B7A61C /* CFLTest.swift */; };
		5290CC4B2180ACEE00B7A61C /* TODistanceTest.swift in Sources */ = {isa = PBXBuildFile; fileRef = 5290CC492180ACEE00B7A61C /* TODistanceTest.swift */; };
		5290CC6B2180BC4C00B7A61C /* GonkSECG.swift in Sources */ = {isa = PBXBuildFile; fileRef = 5290CC6A2180BC4C00B7A61C /* GonkSECG.swift */; };
		5290CC6D2180BD0200B7A61C /* Inputs.swift in Sources */ = {isa = PBXBuildFile; fileRef = 5290CC6C2180BD0200B7A61C /* Inputs.swift */; };
		5290CC702181073800B7A61C /* GonkScrap.swift in Sources */ = {isa = PBXBuildFile; fileRef = 5290CC6F2181073800B7A61C /* GonkScrap.swift */; };
		5297118821861C530031F093 /* SEROCGU.swift in Sources */ = {isa = PBXBuildFile; fileRef = 5297117E21861C520031F093 /* SEROCGU.swift */; };
		5297118A21861C530031F093 /* TO.swift in Sources */ = {isa = PBXBuildFile; fileRef = 5297117F21861C520031F093 /* TO.swift */; };
		5297118E21861C530031F093 /* Data+Extensions.swift in Sources */ = {isa = PBXBuildFile; fileRef = 5297118121861C520031F093 /* Data+Extensions.swift */; };
		5297119221861C530031F093 /* DS125Data.swift in Sources */ = {isa = PBXBuildFile; fileRef = 5297118321861C530031F093 /* DS125Data.swift */; };
		5297119421861C530031F093 /* SEROC.swift in Sources */ = {isa = PBXBuildFile; fileRef = 5297118421861C530031F093 /* SEROC.swift */; };
		5297119621861C530031F093 /* TO2.swift in Sources */ = {isa = PBXBuildFile; fileRef = 5297118521861C530031F093 /* TO2.swift */; };
		5297119821861C530031F093 /* SECG.swift in Sources */ = {isa = PBXBuildFile; fileRef = 5297118621861C530031F093 /* SECG.swift */; };
		5297119A21861C530031F093 /* SECGGU.swift in Sources */ = {isa = PBXBuildFile; fileRef = 5297118721861C530031F093 /* SECGGU.swift */; };
		529951632184884E004002EE /* TOD_11000Lbs.swift in Sources */ = {isa = PBXBuildFile; fileRef = 529951622184884E004002EE /* TOD_11000Lbs.swift */; };
		5299516621848EB6004002EE /* TOD_11500Lbs.swift in Sources */ = {isa = PBXBuildFile; fileRef = 5299516521848EB6004002EE /* TOD_11500Lbs.swift */; };
		529951692184912E004002EE /* TOD_12000Lbs.swift in Sources */ = {isa = PBXBuildFile; fileRef = 529951682184912E004002EE /* TOD_12000Lbs.swift */; };
		5299516C218494B9004002EE /* TOD_12500Lbs.swift in Sources */ = {isa = PBXBuildFile; fileRef = 5299516B218494B9004002EE /* TOD_12500Lbs.swift */; };
		5299516F218496D4004002EE /* TOD_12700Lbs.swift in Sources */ = {isa = PBXBuildFile; fileRef = 5299516E218496D4004002EE /* TOD_12700Lbs.swift */; };
		52995172218499AA004002EE /* TOD_13000Lbs.swift in Sources */ = {isa = PBXBuildFile; fileRef = 52995171218499AA004002EE /* TOD_13000Lbs.swift */; };
		52995175218499BE004002EE /* TOD_13500Lbs.swift in Sources */ = {isa = PBXBuildFile; fileRef = 52995174218499BE004002EE /* TOD_13500Lbs.swift */; };
		52995178218499D0004002EE /* TOD_14000Lbs.swift in Sources */ = {isa = PBXBuildFile; fileRef = 52995177218499D0004002EE /* TOD_14000Lbs.swift */; };
		52BC36762181173F003B8186 /* TemplateGonk.swift in Sources */ = {isa = PBXBuildFile; fileRef = 52BC36752181173F003B8186 /* TemplateGonk.swift */; };
		52C798082181E2D300BBB7B1 /* CEFSTest.swift in Sources */ = {isa = PBXBuildFile; fileRef = 52C798072181E2D300BBB7B1 /* CEFSTest.swift */; };
		52F9D973218903D5002328F9 /* TO_3.swift in Sources */ = {isa = PBXBuildFile; fileRef = 52F9D972218903D5002328F9 /* TO_3.swift */; };
/* End PBXBuildFile section */

/* Begin PBXCopyFilesBuildPhase section */
		5290CC022180AB7000B7A61C /* CopyFiles */ = {
			isa = PBXCopyFilesBuildPhase;
			buildActionMask = 2147483647;
			dstPath = /usr/share/man/man1/;
			dstSubfolderSpec = 0;
			files = (
			);
			runOnlyForDeploymentPostprocessing = 1;
		};
/* End PBXCopyFilesBuildPhase section */

/* Begin PBXFileReference section */
		522FED092189B9B3006B1742 /* T38A_TOLD_UnitTest.xctest */ = {isa = PBXFileReference; explicitFileType = wrapper.cfbundle; includeInIndex = 0; path = T38A_TOLD_UnitTest.xctest; sourceTree = BUILT_PRODUCTS_DIR; };
		52600FEE2187546400D30133 /* TODistance_TO.swift */ = {isa = PBXFileReference; lastKnownFileType = sourcecode.swift; path = TODistance_TO.swift; sourceTree = "<group>"; };
		52600FF22187550500D30133 /* Rotation_TO.swift */ = {isa = PBXFileReference; lastKnownFileType = sourcecode.swift; path = Rotation_TO.swift; sourceTree = "<group>"; };
		52600FF52187562000D30133 /* FiftyFtAlt_TO.swift */ = {isa = PBXFileReference; lastKnownFileType = sourcecode.swift; path = FiftyFtAlt_TO.swift; sourceTree = "<group>"; };
		52600FF82187575E00D30133 /* DistTo50Ft_TO.swift */ = {isa = PBXFileReference; lastKnownFileType = sourcecode.swift; path = DistTo50Ft_TO.swift; sourceTree = "<group>"; };
		52600FFB2187582800D30133 /* TO2Eng_TO.swift */ = {isa = PBXFileReference; lastKnownFileType = sourcecode.swift; path = TO2Eng_TO.swift; sourceTree = "<group>"; };
		52600FFE218758FD00D30133 /* TO1Eng_TO.swift */ = {isa = PBXFileReference; lastKnownFileType = sourcecode.swift; path = TO1Eng_TO.swift; sourceTree = "<group>"; };
		526010012188270400D30133 /* SECG_TO.swift */ = {isa = PBXFileReference; lastKnownFileType = sourcecode.swift; path = SECG_TO.swift; sourceTree = "<group>"; };
		526010042188279C00D30133 /* CEFAS_TO.swift */ = {isa = PBXFileReference; lastKnownFileType = sourcecode.swift; path = CEFAS_TO.swift; sourceTree = "<group>"; };
		526010072188291000D30133 /* CFL_TO.swift */ = {isa = PBXFileReference; lastKnownFileType = sourcecode.swift; path = CFL_TO.swift; sourceTree = "<group>"; };
		5260100D21882A2900D30133 /* BL_GRD_Run_SE_TO.swift */ = {isa = PBXFileReference; lastKnownFileType = sourcecode.swift; path = BL_GRD_Run_SE_TO.swift; sourceTree = "<group>"; };
		5260101021882B2200D30133 /* TwoHundredFtMn_TO.swift */ = {isa = PBXFileReference; lastKnownFileType = sourcecode.swift; path = TwoHundredFtMn_TO.swift; sourceTree = "<group>"; };
		5260101421882F9600D30133 /* TODistance_TO2.swift */ = {isa = PBXFileReference; lastKnownFileType = sourcecode.swift; path = TODistance_TO2.swift; sourceTree = "<group>"; };
		526010172188C43E00D30133 /* TO2_UnitTest.swift */ = {isa = PBXFileReference; lastKnownFileType = sourcecode.swift; path = TO2_UnitTest.swift; sourceTree = "<group>"; };
		526010192188CC5300D30133 /* DistTo50Ft_TO2.swift */ = {isa = PBXFileReference; lastKnownFileType = sourcecode.swift; path = DistTo50Ft_TO2.swift; sourceTree = "<group>"; };
		5260101D2188CE1E00D30133 /* TO_UnitTest.swift */ = {isa = PBXFileReference; lastKnownFileType = sourcecode.swift; path = TO_UnitTest.swift; sourceTree = "<group>"; };
		5290CC042180AB7000B7A61C /* T38A_TOLD_CLI */ = {isa = PBXFileReference; explicitFileType = "compiled.mach-o.executable"; includeInIndex = 0; path = T38A_TOLD_CLI; sourceTree = BUILT_PRODUCTS_DIR; };
		5290CC072180AB7000B7A61C /* main.swift */ = {isa = PBXFileReference; lastKnownFileType = sourcecode.swift; path = main.swift; sourceTree = "<group>"; };
		5290CC122180AB9C00B7A61C /* T38A_TOLD_CLI_UnitTests.xctest */ = {isa = PBXFileReference; explicitFileType = wrapper.cfbundle; includeInIndex = 0; path = T38A_TOLD_CLI_UnitTests.xctest; sourceTree = BUILT_PRODUCTS_DIR; };
		5290CC162180AB9C00B7A61C /* Info.plist */ = {isa = PBXFileReference; lastKnownFileType = text.plist.xml; path = Info.plist; sourceTree = "<group>"; };
		5290CC1A2180ACE000B7A61C /* GonkCleaned.swift */ = {isa = PBXFileReference; fileEncoding = 4; lastKnownFileType = sourcecode.swift; path = GonkCleaned.swift; sourceTree = "<group>"; };
		5290CC1B2180ACE000B7A61C /* Corrections.swift */ = {isa = PBXFileReference; fileEncoding = 4; lastKnownFileType = sourcecode.swift; path = Corrections.swift; sourceTree = "<group>"; };
		5290CC1C2180ACE000B7A61C /* GonkRS.swift */ = {isa = PBXFileReference; fileEncoding = 4; lastKnownFileType = sourcecode.swift; path = GonkRS.swift; sourceTree = "<group>"; };
		5290CC1D2180ACE000B7A61C /* GonkTOData.swift */ = {isa = PBXFileReference; fileEncoding = 4; lastKnownFileType = sourcecode.swift; path = GonkTOData.swift; sourceTree = "<group>"; };
		5290CC1E2180ACE000B7A61C /* NACSData.swift */ = {isa = PBXFileReference; fileEncoding = 4; lastKnownFileType = sourcecode.swift; path = NACSData.swift; sourceTree = "<group>"; };
		5290CC1F2180ACE000B7A61C /* DSData.swift */ = {isa = PBXFileReference; fileEncoding = 4; lastKnownFileType = sourcecode.swift; path = DSData.swift; sourceTree = "<group>"; };
		5290CC202180ACE000B7A61C /* SECG200ftNmGDKiasData.swift */ = {isa = PBXFileReference; fileEncoding = 4; lastKnownFileType = sourcecode.swift; path = SECG200ftNmGDKiasData.swift; sourceTree = "<group>"; };
		5290CC212180ACE000B7A61C /* SECG190KiasFtNmData.swift */ = {isa = PBXFileReference; fileEncoding = 4; lastKnownFileType = sourcecode.swift; path = SECG190KiasFtNmData.swift; sourceTree = "<group>"; };
		5290CC222180ACE000B7A61C /* TOLDError.swift */ = {isa = PBXFileReference; fileEncoding = 4; lastKnownFileType = sourcecode.swift; path = TOLDError.swift; sourceTree = "<group>"; };
		5290CC232180ACE000B7A61C /* RS_EFData.swift */ = {isa = PBXFileReference; fileEncoding = 4; lastKnownFileType = sourcecode.swift; path = RS_EFData.swift; sourceTree = "<group>"; };
		5290CC242180ACE000B7A61C /* CFLData.swift */ = {isa = PBXFileReference; fileEncoding = 4; lastKnownFileType = sourcecode.swift; path = CFLData.swift; sourceTree = "<group>"; };
		5290CC252180ACE000B7A61C /* DensityRatio.swift */ = {isa = PBXFileReference; fileEncoding = 4; lastKnownFileType = sourcecode.swift; path = DensityRatio.swift; sourceTree = "<group>"; };
		5290CC262180ACE000B7A61C /* SECG190KiasNMIData.swift */ = {isa = PBXFileReference; fileEncoding = 4; lastKnownFileType = sourcecode.swift; path = SECG190KiasNMIData.swift; sourceTree = "<group>"; };
		5290CC272180ACE100B7A61C /* GonkDS.swift */ = {isa = PBXFileReference; fileEncoding = 4; lastKnownFileType = sourcecode.swift; path = GonkDS.swift; sourceTree = "<group>"; };
		5290CC282180ACE100B7A61C /* Wind.swift */ = {isa = PBXFileReference; fileEncoding = 4; lastKnownFileType = sourcecode.swift; path = Wind.swift; sourceTree = "<group>"; };
		5290CC292180ACE100B7A61C /* SECG200FtNmGDNMIData.swift */ = {isa = PBXFileReference; fileEncoding = 4; lastKnownFileType = sourcecode.swift; path = SECG200FtNmGDNMIData.swift; sourceTree = "<group>"; };
		5290CC2A2180ACE100B7A61C /* SETOSData.swift */ = {isa = PBXFileReference; fileEncoding = 4; lastKnownFileType = sourcecode.swift; path = SETOSData.swift; sourceTree = "<group>"; };
		5290CC2B2180ACE100B7A61C /* TakeOffDistanceData.swift */ = {isa = PBXFileReference; fileEncoding = 4; lastKnownFileType = sourcecode.swift; path = TakeOffDistanceData.swift; sourceTree = "<group>"; };
		5290CC2C2180ACE100B7A61C /* RS_BEOData.swift */ = {isa = PBXFileReference; fileEncoding = 4; lastKnownFileType = sourcecode.swift; path = RS_BEOData.swift; sourceTree = "<group>"; };
		5290CC2D2180ACE100B7A61C /* DS_Data.swift */ = {isa = PBXFileReference; fileEncoding = 4; lastKnownFileType = sourcecode.swift; path = DS_Data.swift; sourceTree = "<group>"; };
		5290CC2E2180ACE100B7A61C /* CEFSData.swift */ = {isa = PBXFileReference; fileEncoding = 4; lastKnownFileType = sourcecode.swift; path = CEFSData.swift; sourceTree = "<group>"; };
		5290CC2F2180ACE100B7A61C /* ArraySolver.swift */ = {isa = PBXFileReference; fileEncoding = 4; lastKnownFileType = sourcecode.swift; path = ArraySolver.swift; sourceTree = "<group>"; };
		5290CC302180ACE100B7A61C /* Double+Extensions.swift */ = {isa = PBXFileReference; fileEncoding = 4; lastKnownFileType = sourcecode.swift; path = "Double+Extensions.swift"; sourceTree = "<group>"; };
		5290CC482180ACEE00B7A61C /* CFLTest.swift */ = {isa = PBXFileReference; fileEncoding = 4; lastKnownFileType = sourcecode.swift; path = CFLTest.swift; sourceTree = "<group>"; };
		5290CC492180ACEE00B7A61C /* TODistanceTest.swift */ = {isa = PBXFileReference; fileEncoding = 4; lastKnownFileType = sourcecode.swift; path = TODistanceTest.swift; sourceTree = "<group>"; };
		5290CC6A2180BC4C00B7A61C /* GonkSECG.swift */ = {isa = PBXFileReference; lastKnownFileType = sourcecode.swift; path = GonkSECG.swift; sourceTree = "<group>"; };
		5290CC6C2180BD0200B7A61C /* Inputs.swift */ = {isa = PBXFileReference; lastKnownFileType = sourcecode.swift; path = Inputs.swift; sourceTree = "<group>"; };
		5290CC6F2181073800B7A61C /* GonkScrap.swift */ = {isa = PBXFileReference; lastKnownFileType = sourcecode.swift; path = GonkScrap.swift; sourceTree = "<group>"; };
		5297117E21861C520031F093 /* SEROCGU.swift */ = {isa = PBXFileReference; fileEncoding = 4; lastKnownFileType = sourcecode.swift; path = SEROCGU.swift; sourceTree = "<group>"; };
		5297117F21861C520031F093 /* TO.swift */ = {isa = PBXFileReference; fileEncoding = 4; lastKnownFileType = sourcecode.swift; path = TO.swift; sourceTree = "<group>"; };
		5297118121861C520031F093 /* Data+Extensions.swift */ = {isa = PBXFileReference; fileEncoding = 4; lastKnownFileType = sourcecode.swift; path = "Data+Extensions.swift"; sourceTree = "<group>"; };
		5297118321861C530031F093 /* DS125Data.swift */ = {isa = PBXFileReference; fileEncoding = 4; lastKnownFileType = sourcecode.swift; path = DS125Data.swift; sourceTree = "<group>"; };
		5297118421861C530031F093 /* SEROC.swift */ = {isa = PBXFileReference; fileEncoding = 4; lastKnownFileType = sourcecode.swift; path = SEROC.swift; sourceTree = "<group>"; };
		5297118521861C530031F093 /* TO2.swift */ = {isa = PBXFileReference; fileEncoding = 4; lastKnownFileType = sourcecode.swift; path = TO2.swift; sourceTree = "<group>"; };
		5297118621861C530031F093 /* SECG.swift */ = {isa = PBXFileReference; fileEncoding = 4; lastKnownFileType = sourcecode.swift; path = SECG.swift; sourceTree = "<group>"; };
		5297118721861C530031F093 /* SECGGU.swift */ = {isa = PBXFileReference; fileEncoding = 4; lastKnownFileType = sourcecode.swift; path = SECGGU.swift; sourceTree = "<group>"; };
		529951622184884E004002EE /* TOD_11000Lbs.swift */ = {isa = PBXFileReference; lastKnownFileType = sourcecode.swift; path = TOD_11000Lbs.swift; sourceTree = "<group>"; };
		5299516521848EB6004002EE /* TOD_11500Lbs.swift */ = {isa = PBXFileReference; lastKnownFileType = sourcecode.swift; path = TOD_11500Lbs.swift; sourceTree = "<group>"; };
		529951682184912E004002EE /* TOD_12000Lbs.swift */ = {isa = PBXFileReference; lastKnownFileType = sourcecode.swift; path = TOD_12000Lbs.swift; sourceTree = "<group>"; };
		5299516B218494B9004002EE /* TOD_12500Lbs.swift */ = {isa = PBXFileReference; lastKnownFileType = sourcecode.swift; path = TOD_12500Lbs.swift; sourceTree = "<group>"; };
		5299516E218496D4004002EE /* TOD_12700Lbs.swift */ = {isa = PBXFileReference; lastKnownFileType = sourcecode.swift; path = TOD_12700Lbs.swift; sourceTree = "<group>"; };
		52995171218499AA004002EE /* TOD_13000Lbs.swift */ = {isa = PBXFileReference; lastKnownFileType = sourcecode.swift; path = TOD_13000Lbs.swift; sourceTree = "<group>"; };
		52995174218499BE004002EE /* TOD_13500Lbs.swift */ = {isa = PBXFileReference; lastKnownFileType = sourcecode.swift; path = TOD_13500Lbs.swift; sourceTree = "<group>"; };
		52995177218499D0004002EE /* TOD_14000Lbs.swift */ = {isa = PBXFileReference; lastKnownFileType = sourcecode.swift; path = TOD_14000Lbs.swift; sourceTree = "<group>"; };
		52BC36752181173F003B8186 /* TemplateGonk.swift */ = {isa = PBXFileReference; lastKnownFileType = sourcecode.swift; path = TemplateGonk.swift; sourceTree = "<group>"; };
		52C798072181E2D300BBB7B1 /* CEFSTest.swift */ = {isa = PBXFileReference; lastKnownFileType = sourcecode.swift; path = CEFSTest.swift; sourceTree = "<group>"; };
		52F9D972218903D5002328F9 /* TO_3.swift */ = {isa = PBXFileReference; lastKnownFileType = sourcecode.swift; path = TO_3.swift; sourceTree = "<group>"; };
/* End PBXFileReference section */

/* Begin PBXFrameworksBuildPhase section */
		522FED062189B9B3006B1742 /* Frameworks */ = {
			isa = PBXFrameworksBuildPhase;
			buildActionMask = 2147483647;
			files = (
			);
			runOnlyForDeploymentPostprocessing = 0;
		};
		5290CC012180AB7000B7A61C /* Frameworks */ = {
			isa = PBXFrameworksBuildPhase;
			buildActionMask = 2147483647;
			files = (
			);
			runOnlyForDeploymentPostprocessing = 0;
		};
		5290CC0F2180AB9C00B7A61C /* Frameworks */ = {
			isa = PBXFrameworksBuildPhase;
			buildActionMask = 2147483647;
			files = (
			);
			runOnlyForDeploymentPostprocessing = 0;
		};
/* End PBXFrameworksBuildPhase section */

/* Begin PBXGroup section */
		525E5FF621833A99009DA52A /* Original */ = {
			isa = PBXGroup;
			children = (
				5297119C21861C640031F093 /* Data */,
				5290CC692180B89100B7A61C /* TOLD */,
				5290CC662180AE8E00B7A61C /* Utilities */,
				5290CC632180AE2400B7A61C /* Scrap */,
			);
			path = Original;
			sourceTree = "<group>";
		};
		52600FF12187549800D30133 /* TO_Data */ = {
			isa = PBXGroup;
			children = (
				5297117F21861C520031F093 /* TO.swift */,
				52600FF22187550500D30133 /* Rotation_TO.swift */,
				52600FEE2187546400D30133 /* TODistance_TO.swift */,
				52600FF52187562000D30133 /* FiftyFtAlt_TO.swift */,
				52600FF82187575E00D30133 /* DistTo50Ft_TO.swift */,
				52600FFB2187582800D30133 /* TO2Eng_TO.swift */,
				52600FFE218758FD00D30133 /* TO1Eng_TO.swift */,
				526010012188270400D30133 /* SECG_TO.swift */,
				526010042188279C00D30133 /* CEFAS_TO.swift */,
				526010072188291000D30133 /* CFL_TO.swift */,
				5260100D21882A2900D30133 /* BL_GRD_Run_SE_TO.swift */,
				5260101021882B2200D30133 /* TwoHundredFtMn_TO.swift */,
				5260101321882DC300D30133 /* TO2_Data */,
			);
			path = TO_Data;
			sourceTree = "<group>";
		};
		5260101321882DC300D30133 /* TO2_Data */ = {
			isa = PBXGroup;
			children = (
				5297118521861C530031F093 /* TO2.swift */,
				5260101421882F9600D30133 /* TODistance_TO2.swift */,
				526010192188CC5300D30133 /* DistTo50Ft_TO2.swift */,
			);
			path = TO2_Data;
			sourceTree = "<group>";
		};
		5260101C2188CD6300D30133 /* DataVerification */ = {
			isa = PBXGroup;
			children = (
				5260101D2188CE1E00D30133 /* TO_UnitTest.swift */,
				526010172188C43E00D30133 /* TO2_UnitTest.swift */,
			);
			path = DataVerification;
			sourceTree = "<group>";
		};
		52743DA42182237F0085042C /* TOTests */ = {
			isa = PBXGroup;
			children = (
				5290CC492180ACEE00B7A61C /* TODistanceTest.swift */,
				5290CC482180ACEE00B7A61C /* CFLTest.swift */,
				52C798072181E2D300BBB7B1 /* CEFSTest.swift */,
			);
			path = TOTests;
			sourceTree = "<group>";
		};
		5290CBFB2180AB7000B7A61C = {
			isa = PBXGroup;
			children = (
				5290CC062180AB7000B7A61C /* T38A_TOLD_CLI */,
				5290CC132180AB9C00B7A61C /* T38A_TOLD_CLI_UnitTests */,
				5290CC052180AB7000B7A61C /* Products */,
			);
			sourceTree = "<group>";
		};
		5290CC052180AB7000B7A61C /* Products */ = {
			isa = PBXGroup;
			children = (
				5290CC042180AB7000B7A61C /* T38A_TOLD_CLI */,
				5290CC122180AB9C00B7A61C /* T38A_TOLD_CLI_UnitTests.xctest */,
				522FED092189B9B3006B1742 /* T38A_TOLD_UnitTest.xctest */,
			);
			name = Products;
			sourceTree = "<group>";
		};
		5290CC062180AB7000B7A61C /* T38A_TOLD_CLI */ = {
			isa = PBXGroup;
			children = (
				5290CC072180AB7000B7A61C /* main.swift */,
				525E5FF621833A99009DA52A /* Original */,
			);
			path = T38A_TOLD_CLI;
			sourceTree = "<group>";
		};
		5290CC132180AB9C00B7A61C /* T38A_TOLD_CLI_UnitTests */ = {
			isa = PBXGroup;
			children = (
				5290CC162180AB9C00B7A61C /* Info.plist */,
				5260101C2188CD6300D30133 /* DataVerification */,
				52743DA42182237F0085042C /* TOTests */,
			);
			path = T38A_TOLD_CLI_UnitTests;
			sourceTree = "<group>";
		};
		5290CC632180AE2400B7A61C /* Scrap */ = {
			isa = PBXGroup;
			children = (
				52F9D972218903D5002328F9 /* TO_3.swift */,
				5290CC2F2180ACE100B7A61C /* ArraySolver.swift */,
				5290CC2D2180ACE100B7A61C /* DS_Data.swift */,
				5290CC1A2180ACE000B7A61C /* GonkCleaned.swift */,
				5290CC6F2181073800B7A61C /* GonkScrap.swift */,
			);
			path = Scrap;
			sourceTree = "<group>";
		};
		5290CC642180AE3300B7A61C /* SECG */ = {
			isa = PBXGroup;
			children = (
				5290CC6A2180BC4C00B7A61C /* GonkSECG.swift */,
				5290CC212180ACE000B7A61C /* SECG190KiasFtNmData.swift */,
				5290CC262180ACE000B7A61C /* SECG190KiasNMIData.swift */,
				5290CC202180ACE000B7A61C /* SECG200ftNmGDKiasData.swift */,
				5290CC292180ACE100B7A61C /* SECG200FtNmGDNMIData.swift */,
			);
			path = SECG;
			sourceTree = "<group>";
		};
		5290CC652180AE5C00B7A61C /* TO */ = {
			isa = PBXGroup;
			children = (
				5290CC1D2180ACE000B7A61C /* GonkTOData.swift */,
				52995161218481B9004002EE /* TODistData */,
				5290CC1E2180ACE000B7A61C /* NACSData.swift */,
				5290CC2A2180ACE100B7A61C /* SETOSData.swift */,
				5290CC2E2180ACE100B7A61C /* CEFSData.swift */,
				5290CC242180ACE000B7A61C /* CFLData.swift */,
				5290CC2B2180ACE100B7A61C /* TakeOffDistanceData.swift */,
			);
			path = TO;
			sourceTree = "<group>";
		};
		5290CC662180AE8E00B7A61C /* Utilities */ = {
			isa = PBXGroup;
			children = (
				5290CC1B2180ACE000B7A61C /* Corrections.swift */,
				5290CC252180ACE000B7A61C /* DensityRatio.swift */,
				5290CC302180ACE100B7A61C /* Double+Extensions.swift */,
				5290CC222180ACE000B7A61C /* TOLDError.swift */,
				5290CC282180ACE100B7A61C /* Wind.swift */,
			);
			path = Utilities;
			sourceTree = "<group>";
		};
		5290CC672180AEA800B7A61C /* DS */ = {
			isa = PBXGroup;
			children = (
				5290CC272180ACE100B7A61C /* GonkDS.swift */,
				5290CC1F2180ACE000B7A61C /* DSData.swift */,
			);
			path = DS;
			sourceTree = "<group>";
		};
		5290CC682180AEB400B7A61C /* RS */ = {
			isa = PBXGroup;
			children = (
				5290CC1C2180ACE000B7A61C /* GonkRS.swift */,
				5290CC2C2180ACE100B7A61C /* RS_BEOData.swift */,
				5290CC232180ACE000B7A61C /* RS_EFData.swift */,
			);
			path = RS;
			sourceTree = "<group>";
		};
		5290CC692180B89100B7A61C /* TOLD */ = {
			isa = PBXGroup;
			children = (
				5290CC652180AE5C00B7A61C /* TO */,
				5290CC6C2180BD0200B7A61C /* Inputs.swift */,
				5290CC642180AE3300B7A61C /* SECG */,
				5290CC682180AEB400B7A61C /* RS */,
				5290CC672180AEA800B7A61C /* DS */,
				52BC36752181173F003B8186 /* TemplateGonk.swift */,
			);
			path = TOLD;
			sourceTree = "<group>";
		};
		5297119C21861C640031F093 /* Data */ = {
			isa = PBXGroup;
			children = (
				5297118121861C520031F093 /* Data+Extensions.swift */,
				5297118321861C530031F093 /* DS125Data.swift */,
				5297118621861C530031F093 /* SECG.swift */,
				5297118721861C530031F093 /* SECGGU.swift */,
				5297118421861C530031F093 /* SEROC.swift */,
				5297117E21861C520031F093 /* SEROCGU.swift */,
				52600FF12187549800D30133 /* TO_Data */,
			);
			path = Data;
			sourceTree = "<group>";
		};
		52995161218481B9004002EE /* TODistData */ = {
			isa = PBXGroup;
			children = (
				529951622184884E004002EE /* TOD_11000Lbs.swift */,
				5299516521848EB6004002EE /* TOD_11500Lbs.swift */,
				529951682184912E004002EE /* TOD_12000Lbs.swift */,
				5299516B218494B9004002EE /* TOD_12500Lbs.swift */,
				5299516E218496D4004002EE /* TOD_12700Lbs.swift */,
				52995171218499AA004002EE /* TOD_13000Lbs.swift */,
				52995174218499BE004002EE /* TOD_13500Lbs.swift */,
				52995177218499D0004002EE /* TOD_14000Lbs.swift */,
			);
			path = TODistData;
			sourceTree = "<group>";
		};
/* End PBXGroup section */

/* Begin PBXNativeTarget section */
		522FED082189B9B3006B1742 /* T38A_TOLD_UnitTest */ = {
			isa = PBXNativeTarget;
			buildConfigurationList = 522FED0E2189B9B3006B1742 /* Build configuration list for PBXNativeTarget "T38A_TOLD_UnitTest" */;
			buildPhases = (
				522FED052189B9B3006B1742 /* Sources */,
				522FED062189B9B3006B1742 /* Frameworks */,
				522FED072189B9B3006B1742 /* Resources */,
			);
			buildRules = (
			);
			dependencies = (
			);
			name = T38A_TOLD_UnitTest;
			productName = T38A_TOLD_UnitTest;
			productReference = 522FED092189B9B3006B1742 /* T38A_TOLD_UnitTest.xctest */;
			productType = "com.apple.product-type.bundle.unit-test";
		};
		5290CC032180AB7000B7A61C /* T38A_TOLD_CLI */ = {
			isa = PBXNativeTarget;
			buildConfigurationList = 5290CC0B2180AB7000B7A61C /* Build configuration list for PBXNativeTarget "T38A_TOLD_CLI" */;
			buildPhases = (
				5290CC002180AB7000B7A61C /* Sources */,
				5290CC012180AB7000B7A61C /* Frameworks */,
				5290CC022180AB7000B7A61C /* CopyFiles */,
			);
			buildRules = (
			);
			dependencies = (
			);
			name = T38A_TOLD_CLI;
			productName = T38A_TOLD_CLI;
			productReference = 5290CC042180AB7000B7A61C /* T38A_TOLD_CLI */;
			productType = "com.apple.product-type.tool";
		};
		5290CC112180AB9C00B7A61C /* T38A_TOLD_CLI_UnitTests */ = {
			isa = PBXNativeTarget;
			buildConfigurationList = 5290CC172180AB9C00B7A61C /* Build configuration list for PBXNativeTarget "T38A_TOLD_CLI_UnitTests" */;
			buildPhases = (
				5290CC0E2180AB9C00B7A61C /* Sources */,
				5290CC0F2180AB9C00B7A61C /* Frameworks */,
				5290CC102180AB9C00B7A61C /* Resources */,
			);
			buildRules = (
			);
			dependencies = (
			);
			name = T38A_TOLD_CLI_UnitTests;
			productName = T38A_TOLD_CLI_UnitTests;
			productReference = 5290CC122180AB9C00B7A61C /* T38A_TOLD_CLI_UnitTests.xctest */;
			productType = "com.apple.product-type.bundle.unit-test";
		};
/* End PBXNativeTarget section */

/* Begin PBXProject section */
		5290CBFC2180AB7000B7A61C /* Project object */ = {
			isa = PBXProject;
			attributes = {
				LastSwiftUpdateCheck = 1010;
				LastUpgradeCheck = 1000;
				ORGANIZATIONNAME = "Matthew Elmore";
				TargetAttributes = {
					522FED082189B9B3006B1742 = {
						CreatedOnToolsVersion = 10.1;
					};
					5290CC032180AB7000B7A61C = {
						CreatedOnToolsVersion = 10.0;
					};
					5290CC112180AB9C00B7A61C = {
						CreatedOnToolsVersion = 10.0;
					};
				};
			};
			buildConfigurationList = 5290CBFF2180AB7000B7A61C /* Build configuration list for PBXProject "T38A_TOLD_CLI" */;
			compatibilityVersion = "Xcode 9.3";
			developmentRegion = en;
			hasScannedForEncodings = 0;
			knownRegions = (
				en,
			);
			mainGroup = 5290CBFB2180AB7000B7A61C;
			productRefGroup = 5290CC052180AB7000B7A61C /* Products */;
			projectDirPath = "";
			projectRoot = "";
			targets = (
				5290CC032180AB7000B7A61C /* T38A_TOLD_CLI */,
				5290CC112180AB9C00B7A61C /* T38A_TOLD_CLI_UnitTests */,
				522FED082189B9B3006B1742 /* T38A_TOLD_UnitTest */,
			);
		};
/* End PBXProject section */

/* Begin PBXResourcesBuildPhase section */
		522FED072189B9B3006B1742 /* Resources */ = {
			isa = PBXResourcesBuildPhase;
			buildActionMask = 2147483647;
			files = (
			);
			runOnlyForDeploymentPostprocessing = 0;
		};
		5290CC102180AB9C00B7A61C /* Resources */ = {
			isa = PBXResourcesBuildPhase;
			buildActionMask = 2147483647;
			files = (
			);
			runOnlyForDeploymentPostprocessing = 0;
		};
/* End PBXResourcesBuildPhase section */

/* Begin PBXSourcesBuildPhase section */
		522FED052189B9B3006B1742 /* Sources */ = {
			isa = PBXSourcesBuildPhase;
			buildActionMask = 2147483647;
			files = (
				522FED112189B9DF006B1742 /* main.swift in Sources */,
			);
			runOnlyForDeploymentPostprocessing = 0;
		};
		5290CC002180AB7000B7A61C /* Sources */ = {
			isa = PBXSourcesBuildPhase;
			buildActionMask = 2147483647;
			files = (
				5290CC472180ACE100B7A61C /* Double+Extensions.swift in Sources */,
				5299516621848EB6004002EE /* TOD_11500Lbs.swift in Sources */,
				5290CC442180ACE100B7A61C /* DS_Data.swift in Sources */,
				5290CC352180ACE100B7A61C /* NACSData.swift in Sources */,
				52600FEF2187546400D30133 /* TODistance_TO.swift in Sources */,
				5260100E21882A2900D30133 /* BL_GRD_Run_SE_TO.swift in Sources */,
				5290CC402180ACE100B7A61C /* SECG200FtNmGDNMIData.swift in Sources */,
				526010082188291000D30133 /* CFL_TO.swift in Sources */,
				5297119A21861C530031F093 /* SECGGU.swift in Sources */,
				52995178218499D0004002EE /* TOD_14000Lbs.swift in Sources */,
				5290CC3E2180ACE100B7A61C /* GonkDS.swift in Sources */,
				529951692184912E004002EE /* TOD_12000Lbs.swift in Sources */,
				52600FFF218758FD00D30133 /* TO1Eng_TO.swift in Sources */,
				5260101A2188CC5300D30133 /* DistTo50Ft_TO2.swift in Sources */,
				526010022188270400D30133 /* SECG_TO.swift in Sources */,
				5297118821861C530031F093 /* SEROCGU.swift in Sources */,
				52F9D973218903D5002328F9 /* TO_3.swift in Sources */,
				5290CC3D2180ACE100B7A61C /* SECG190KiasNMIData.swift in Sources */,
				52995175218499BE004002EE /* TOD_13500Lbs.swift in Sources */,
				5290CC082180AB7000B7A61C /* main.swift in Sources */,
				529951632184884E004002EE /* TOD_11000Lbs.swift in Sources */,
				5290CC342180ACE100B7A61C /* GonkTOData.swift in Sources */,
				5290CC362180ACE100B7A61C /* DSData.swift in Sources */,
				5299516F218496D4004002EE /* TOD_12700Lbs.swift in Sources */,
				5299516C218494B9004002EE /* TOD_12500Lbs.swift in Sources */,
				52995172218499AA004002EE /* TOD_13000Lbs.swift in Sources */,
				5260101121882B2200D30133 /* TwoHundredFtMn_TO.swift in Sources */,
				5290CC3C2180ACE100B7A61C /* DensityRatio.swift in Sources */,
				52600FF62187562000D30133 /* FiftyFtAlt_TO.swift in Sources */,
				5290CC412180ACE100B7A61C /* SETOSData.swift in Sources */,
				5297119221861C530031F093 /* DS125Data.swift in Sources */,
				5290CC3F2180ACE100B7A61C /* Wind.swift in Sources */,
				5290CC372180ACE100B7A61C /* SECG200ftNmGDKiasData.swift in Sources */,
				5297119821861C530031F093 /* SECG.swift in Sources */,
				5290CC432180ACE100B7A61C /* RS_BEOData.swift in Sources */,
				5260101521882F9600D30133 /* TODistance_TO2.swift in Sources */,
				5290CC382180ACE100B7A61C /* SECG190KiasFtNmData.swift in Sources */,
				5290CC452180ACE100B7A61C /* CEFSData.swift in Sources */,
				5290CC312180ACE100B7A61C /* GonkCleaned.swift in Sources */,
				526010052188279C00D30133 /* CEFAS_TO.swift in Sources */,
				52600FF32187550500D30133 /* Rotation_TO.swift in Sources */,
				5290CC3B2180ACE100B7A61C /* CFLData.swift in Sources */,
				5290CC6D2180BD0200B7A61C /* Inputs.swift in Sources */,
				5297118E21861C530031F093 /* Data+Extensions.swift in Sources */,
				5290CC422180ACE100B7A61C /* TakeOffDistanceData.swift in Sources */,
				52600FFC2187582800D30133 /* TO2Eng_TO.swift in Sources */,
				5290CC322180ACE100B7A61C /* Corrections.swift in Sources */,
				5290CC702181073800B7A61C /* GonkScrap.swift in Sources */,
				52600FF92187575E00D30133 /* DistTo50Ft_TO.swift in Sources */,
				5290CC332180ACE100B7A61C /* GonkRS.swift in Sources */,
				5297119421861C530031F093 /* SEROC.swift in Sources */,
				5290CC3A2180ACE100B7A61C /* RS_EFData.swift in Sources */,
				52BC36762181173F003B8186 /* TemplateGonk.swift in Sources */,
				5290CC462180ACE100B7A61C /* ArraySolver.swift in Sources */,
				5290CC6B2180BC4C00B7A61C /* GonkSECG.swift in Sources */,
				5297119621861C530031F093 /* TO2.swift in Sources */,
				5297118A21861C530031F093 /* TO.swift in Sources */,
				5290CC392180ACE100B7A61C /* TOLDError.swift in Sources */,
			);
			runOnlyForDeploymentPostprocessing = 0;
		};
		5290CC0E2180AB9C00B7A61C /* Sources */ = {
			isa = PBXSourcesBuildPhase;
			buildActionMask = 2147483647;
			files = (
				523DAF822189CE3F001EE629 /* DSData.swift in Sources */,
				523DAF642189CE1C001EE629 /* CFL_TO.swift in Sources */,
				523DAF8A2189CE49001EE629 /* ArraySolver.swift in Sources */,
				523DAF742189CE2B001EE629 /* SETOSData.swift in Sources */,
				523DAF702189CE2B001EE629 /* TOD_13000Lbs.swift in Sources */,
				523DAF7A2189CE31001EE629 /* SECG190KiasFtNmData.swift in Sources */,
				523DAF8D2189CE49001EE629 /* GonkScrap.swift in Sources */,
				523DAF6C2189CE2B001EE629 /* TOD_11500Lbs.swift in Sources */,
				523DAF792189CE31001EE629 /* GonkSECG.swift in Sources */,
				523DAF672189CE21001EE629 /* TO2.swift in Sources */,
				523DAF562189CE18001EE629 /* DS125Data.swift in Sources */,
				523DAF862189CE45001EE629 /* Double+Extensions.swift in Sources */,
				523DAF842189CE45001EE629 /* Corrections.swift in Sources */,
				523DAF8B2189CE49001EE629 /* DS_Data.swift in Sources */,
				523DAF632189CE1C001EE629 /* CEFAS_TO.swift in Sources */,
				523DAF7E2189CE3B001EE629 /* GonkRS.swift in Sources */,
				52C798082181E2D300BBB7B1 /* CEFSTest.swift in Sources */,
				523DAF612189CE1C001EE629 /* TO1Eng_TO.swift in Sources */,
				523DAF782189CE2B001EE629 /* Inputs.swift in Sources */,
				523DAF892189CE49001EE629 /* TO_3.swift in Sources */,
				523DAF772189CE2B001EE629 /* TakeOffDistanceData.swift in Sources */,
				523DAF7C2189CE31001EE629 /* SECG200ftNmGDKiasData.swift in Sources */,
				523DAF7F2189CE3B001EE629 /* RS_BEOData.swift in Sources */,
				523DAF6B2189CE2B001EE629 /* TOD_11000Lbs.swift in Sources */,
				523DAF882189CE45001EE629 /* Wind.swift in Sources */,
				523DAF752189CE2B001EE629 /* CEFSData.swift in Sources */,
				523DAF5B2189CE1C001EE629 /* TO.swift in Sources */,
				523DAF692189CE21001EE629 /* DistTo50Ft_TO2.swift in Sources */,
				523DAF872189CE45001EE629 /* TOLDError.swift in Sources */,
				523DAF6E2189CE2B001EE629 /* TOD_12500Lbs.swift in Sources */,
				523DAF812189CE3F001EE629 /* GonkDS.swift in Sources */,
				523DAF592189CE18001EE629 /* SEROC.swift in Sources */,
				526010182188C43E00D30133 /* TO2_UnitTest.swift in Sources */,
				523DAF7D2189CE31001EE629 /* SECG200FtNmGDNMIData.swift in Sources */,
				523DAF602189CE1C001EE629 /* TO2Eng_TO.swift in Sources */,
				523DAF852189CE45001EE629 /* DensityRatio.swift in Sources */,
				523DAF6F2189CE2B001EE629 /* TOD_12700Lbs.swift in Sources */,
				5260101E2188CE1E00D30133 /* TO_UnitTest.swift in Sources */,
				523DAF5F2189CE1C001EE629 /* DistTo50Ft_TO.swift in Sources */,
				523DAF8C2189CE49001EE629 /* GonkCleaned.swift in Sources */,
				523DAF6D2189CE2B001EE629 /* TOD_12000Lbs.swift in Sources */,
				523DAF622189CE1C001EE629 /* SECG_TO.swift in Sources */,
				523DAF5D2189CE1C001EE629 /* TODistance_TO.swift in Sources */,
				523DAF722189CE2B001EE629 /* TOD_14000Lbs.swift in Sources */,
				523DAF5C2189CE1C001EE629 /* Rotation_TO.swift in Sources */,
				523DAF582189CE18001EE629 /* SECGGU.swift in Sources */,
				523DAF832189CE3F001EE629 /* TemplateGonk.swift in Sources */,
				523DAF732189CE2B001EE629 /* NACSData.swift in Sources */,
				523DAF552189CE18001EE629 /* Data+Extensions.swift in Sources */,
				523DAF652189CE1C001EE629 /* BL_GRD_Run_SE_TO.swift in Sources */,
				5290CC4A2180ACEE00B7A61C /* CFLTest.swift in Sources */,
				5290CC4B2180ACEE00B7A61C /* TODistanceTest.swift in Sources */,
				523DAF5A2189CE18001EE629 /* SEROCGU.swift in Sources */,
				523DAF682189CE21001EE629 /* TODistance_TO2.swift in Sources */,
				523DAF6A2189CE25001EE629 /* GonkTOData.swift in Sources */,
				523DAF662189CE1C001EE629 /* TwoHundredFtMn_TO.swift in Sources */,
				523DAF712189CE2B001EE629 /* TOD_13500Lbs.swift in Sources */,
				523DAF5E2189CE1C001EE629 /* FiftyFtAlt_TO.swift in Sources */,
				523DAF802189CE3B001EE629 /* RS_EFData.swift in Sources */,
				523DAF7B2189CE31001EE629 /* SECG190KiasNMIData.swift in Sources */,
				523DAF762189CE2B001EE629 /* CFLData.swift in Sources */,
				523DAF572189CE18001EE629 /* SECG.swift in Sources */,
			);
			runOnlyForDeploymentPostprocessing = 0;
		};
/* End PBXSourcesBuildPhase section */

/* Begin XCBuildConfiguration section */
		522FED0F2189B9B3006B1742 /* Debug */ = {
			isa = XCBuildConfiguration;
			buildSettings = {
				CODE_SIGN_STYLE = Automatic;
				COMBINE_HIDPI_IMAGES = YES;
				DEVELOPMENT_TEAM = KG653N5ES4;
				INFOPLIST_FILE = T38A_TOLD_UnitTest/Info.plist;
				LD_RUNPATH_SEARCH_PATHS = (
					"$(inherited)",
					"@executable_path/../Frameworks",
					"@loader_path/../Frameworks",
				);
				PRODUCT_BUNDLE_IDENTIFIER = "elmo.T38A-TOLD-UnitTest";
				PRODUCT_NAME = "$(TARGET_NAME)";
				SWIFT_VERSION = 4.2;
			};
			name = Debug;
		};
		522FED102189B9B3006B1742 /* Release */ = {
			isa = XCBuildConfiguration;
			buildSettings = {
				CODE_SIGN_STYLE = Automatic;
				COMBINE_HIDPI_IMAGES = YES;
				DEVELOPMENT_TEAM = KG653N5ES4;
				INFOPLIST_FILE = T38A_TOLD_UnitTest/Info.plist;
				LD_RUNPATH_SEARCH_PATHS = (
					"$(inherited)",
					"@executable_path/../Frameworks",
					"@loader_path/../Frameworks",
				);
				PRODUCT_BUNDLE_IDENTIFIER = "elmo.T38A-TOLD-UnitTest";
				PRODUCT_NAME = "$(TARGET_NAME)";
				SWIFT_VERSION = 4.2;
			};
			name = Release;
		};
		5290CC092180AB7000B7A61C /* Debug */ = {
			isa = XCBuildConfiguration;
			buildSettings = {
				ALWAYS_SEARCH_USER_PATHS = NO;
				CLANG_ANALYZER_NONNULL = YES;
				CLANG_ANALYZER_NUMBER_OBJECT_CONVERSION = YES_AGGRESSIVE;
				CLANG_CXX_LANGUAGE_STANDARD = "gnu++14";
				CLANG_CXX_LIBRARY = "libc++";
				CLANG_ENABLE_MODULES = YES;
				CLANG_ENABLE_OBJC_ARC = YES;
				CLANG_ENABLE_OBJC_WEAK = YES;
				CLANG_WARN_BLOCK_CAPTURE_AUTORELEASING = YES;
				CLANG_WARN_BOOL_CONVERSION = YES;
				CLANG_WARN_COMMA = YES;
				CLANG_WARN_CONSTANT_CONVERSION = YES;
				CLANG_WARN_DEPRECATED_OBJC_IMPLEMENTATIONS = YES;
				CLANG_WARN_DIRECT_OBJC_ISA_USAGE = YES_ERROR;
				CLANG_WARN_DOCUMENTATION_COMMENTS = YES;
				CLANG_WARN_EMPTY_BODY = YES;
				CLANG_WARN_ENUM_CONVERSION = YES;
				CLANG_WARN_INFINITE_RECURSION = YES;
				CLANG_WARN_INT_CONVERSION = YES;
				CLANG_WARN_NON_LITERAL_NULL_CONVERSION = YES;
				CLANG_WARN_OBJC_IMPLICIT_RETAIN_SELF = YES;
				CLANG_WARN_OBJC_LITERAL_CONVERSION = YES;
				CLANG_WARN_OBJC_ROOT_CLASS = YES_ERROR;
				CLANG_WARN_RANGE_LOOP_ANALYSIS = YES;
				CLANG_WARN_STRICT_PROTOTYPES = YES;
				CLANG_WARN_SUSPICIOUS_MOVE = YES;
				CLANG_WARN_UNGUARDED_AVAILABILITY = YES_AGGRESSIVE;
				CLANG_WARN_UNREACHABLE_CODE = YES;
				CLANG_WARN__DUPLICATE_METHOD_MATCH = YES;
				CODE_SIGN_IDENTITY = "Mac Developer";
				COPY_PHASE_STRIP = NO;
				DEBUG_INFORMATION_FORMAT = dwarf;
				ENABLE_STRICT_OBJC_MSGSEND = YES;
				ENABLE_TESTABILITY = YES;
				GCC_C_LANGUAGE_STANDARD = gnu11;
				GCC_DYNAMIC_NO_PIC = NO;
				GCC_NO_COMMON_BLOCKS = YES;
				GCC_OPTIMIZATION_LEVEL = 0;
				GCC_PREPROCESSOR_DEFINITIONS = (
					"DEBUG=1",
					"$(inherited)",
				);
				GCC_WARN_64_TO_32_BIT_CONVERSION = YES;
				GCC_WARN_ABOUT_RETURN_TYPE = YES_ERROR;
				GCC_WARN_UNDECLARED_SELECTOR = YES;
				GCC_WARN_UNINITIALIZED_AUTOS = YES_AGGRESSIVE;
				GCC_WARN_UNUSED_FUNCTION = YES;
				GCC_WARN_UNUSED_VARIABLE = YES;
				MACOSX_DEPLOYMENT_TARGET = 10.14;
				MTL_ENABLE_DEBUG_INFO = INCLUDE_SOURCE;
				MTL_FAST_MATH = YES;
				ONLY_ACTIVE_ARCH = YES;
				SDKROOT = macosx;
				SWIFT_ACTIVE_COMPILATION_CONDITIONS = DEBUG;
				SWIFT_OPTIMIZATION_LEVEL = "-Onone";
			};
			name = Debug;
		};
		5290CC0A2180AB7000B7A61C /* Release */ = {
			isa = XCBuildConfiguration;
			buildSettings = {
				ALWAYS_SEARCH_USER_PATHS = NO;
				CLANG_ANALYZER_NONNULL = YES;
				CLANG_ANALYZER_NUMBER_OBJECT_CONVERSION = YES_AGGRESSIVE;
				CLANG_CXX_LANGUAGE_STANDARD = "gnu++14";
				CLANG_CXX_LIBRARY = "libc++";
				CLANG_ENABLE_MODULES = YES;
				CLANG_ENABLE_OBJC_ARC = YES;
				CLANG_ENABLE_OBJC_WEAK = YES;
				CLANG_WARN_BLOCK_CAPTURE_AUTORELEASING = YES;
				CLANG_WARN_BOOL_CONVERSION = YES;
				CLANG_WARN_COMMA = YES;
				CLANG_WARN_CONSTANT_CONVERSION = YES;
				CLANG_WARN_DEPRECATED_OBJC_IMPLEMENTATIONS = YES;
				CLANG_WARN_DIRECT_OBJC_ISA_USAGE = YES_ERROR;
				CLANG_WARN_DOCUMENTATION_COMMENTS = YES;
				CLANG_WARN_EMPTY_BODY = YES;
				CLANG_WARN_ENUM_CONVERSION = YES;
				CLANG_WARN_INFINITE_RECURSION = YES;
				CLANG_WARN_INT_CONVERSION = YES;
				CLANG_WARN_NON_LITERAL_NULL_CONVERSION = YES;
				CLANG_WARN_OBJC_IMPLICIT_RETAIN_SELF = YES;
				CLANG_WARN_OBJC_LITERAL_CONVERSION = YES;
				CLANG_WARN_OBJC_ROOT_CLASS = YES_ERROR;
				CLANG_WARN_RANGE_LOOP_ANALYSIS = YES;
				CLANG_WARN_STRICT_PROTOTYPES = YES;
				CLANG_WARN_SUSPICIOUS_MOVE = YES;
				CLANG_WARN_UNGUARDED_AVAILABILITY = YES_AGGRESSIVE;
				CLANG_WARN_UNREACHABLE_CODE = YES;
				CLANG_WARN__DUPLICATE_METHOD_MATCH = YES;
				CODE_SIGN_IDENTITY = "Mac Developer";
				COPY_PHASE_STRIP = NO;
				DEBUG_INFORMATION_FORMAT = "dwarf-with-dsym";
				ENABLE_NS_ASSERTIONS = NO;
				ENABLE_STRICT_OBJC_MSGSEND = YES;
				GCC_C_LANGUAGE_STANDARD = gnu11;
				GCC_NO_COMMON_BLOCKS = YES;
				GCC_WARN_64_TO_32_BIT_CONVERSION = YES;
				GCC_WARN_ABOUT_RETURN_TYPE = YES_ERROR;
				GCC_WARN_UNDECLARED_SELECTOR = YES;
				GCC_WARN_UNINITIALIZED_AUTOS = YES_AGGRESSIVE;
				GCC_WARN_UNUSED_FUNCTION = YES;
				GCC_WARN_UNUSED_VARIABLE = YES;
				MACOSX_DEPLOYMENT_TARGET = 10.14;
				MTL_ENABLE_DEBUG_INFO = NO;
				MTL_FAST_MATH = YES;
				SDKROOT = macosx;
				SWIFT_COMPILATION_MODE = wholemodule;
				SWIFT_OPTIMIZATION_LEVEL = "-O";
			};
			name = Release;
		};
		5290CC0C2180AB7000B7A61C /* Debug */ = {
			isa = XCBuildConfiguration;
			buildSettings = {
				CODE_SIGN_STYLE = Automatic;
				DEVELOPMENT_TEAM = KG653N5ES4;
				PRODUCT_NAME = "$(TARGET_NAME)";
				SWIFT_VERSION = 4.2;
			};
			name = Debug;
		};
		5290CC0D2180AB7000B7A61C /* Release */ = {
			isa = XCBuildConfiguration;
			buildSettings = {
				CODE_SIGN_STYLE = Automatic;
				DEVELOPMENT_TEAM = KG653N5ES4;
				PRODUCT_NAME = "$(TARGET_NAME)";
				SWIFT_VERSION = 4.2;
			};
			name = Release;
		};
		5290CC182180AB9C00B7A61C /* Debug */ = {
			isa = XCBuildConfiguration;
			buildSettings = {
				CODE_SIGN_STYLE = Automatic;
				COMBINE_HIDPI_IMAGES = YES;
				DEVELOPMENT_TEAM = KG653N5ES4;
				INFOPLIST_FILE = T38A_TOLD_CLI_UnitTests/Info.plist;
				LD_RUNPATH_SEARCH_PATHS = (
					"$(inherited)",
					"@executable_path/../Frameworks",
					"@loader_path/../Frameworks",
				);
				PRODUCT_BUNDLE_IDENTIFIER = "elmo.T38A-TOLD-CLI-UnitTests";
				PRODUCT_NAME = "$(TARGET_NAME)";
				SWIFT_VERSION = 4.2;
			};
			name = Debug;
		};
		5290CC192180AB9C00B7A61C /* Release */ = {
			isa = XCBuildConfiguration;
			buildSettings = {
				CODE_SIGN_STYLE = Automatic;
				COMBINE_HIDPI_IMAGES = YES;
				DEVELOPMENT_TEAM = KG653N5ES4;
				INFOPLIST_FILE = T38A_TOLD_CLI_UnitTests/Info.plist;
				LD_RUNPATH_SEARCH_PATHS = (
					"$(inherited)",
					"@executable_path/../Frameworks",
					"@loader_path/../Frameworks",
				);
				PRODUCT_BUNDLE_IDENTIFIER = "elmo.T38A-TOLD-CLI-UnitTests";
				PRODUCT_NAME = "$(TARGET_NAME)";
				SWIFT_VERSION = 4.2;
			};
			name = Release;
		};
/* End XCBuildConfiguration section */

/* Begin XCConfigurationList section */
		522FED0E2189B9B3006B1742 /* Build configuration list for PBXNativeTarget "T38A_TOLD_UnitTest" */ = {
			isa = XCConfigurationList;
			buildConfigurations = (
				522FED0F2189B9B3006B1742 /* Debug */,
				522FED102189B9B3006B1742 /* Release */,
			);
			defaultConfigurationIsVisible = 0;
			defaultConfigurationName = Release;
		};
		5290CBFF2180AB7000B7A61C /* Build configuration list for PBXProject "T38A_TOLD_CLI" */ = {
			isa = XCConfigurationList;
			buildConfigurations = (
				5290CC092180AB7000B7A61C /* Debug */,
				5290CC0A2180AB7000B7A61C /* Release */,
			);
			defaultConfigurationIsVisible = 0;
			defaultConfigurationName = Release;
		};
		5290CC0B2180AB7000B7A61C /* Build configuration list for PBXNativeTarget "T38A_TOLD_CLI" */ = {
			isa = XCConfigurationList;
			buildConfigurations = (
				5290CC0C2180AB7000B7A61C /* Debug */,
				5290CC0D2180AB7000B7A61C /* Release */,
			);
			defaultConfigurationIsVisible = 0;
			defaultConfigurationName = Release;
		};
		5290CC172180AB9C00B7A61C /* Build configuration list for PBXNativeTarget "T38A_TOLD_CLI_UnitTests" */ = {
			isa = XCConfigurationList;
			buildConfigurations = (
				5290CC182180AB9C00B7A61C /* Debug */,
				5290CC192180AB9C00B7A61C /* Release */,
			);
			defaultConfigurationIsVisible = 0;
			defaultConfigurationName = Release;
		};
/* End XCConfigurationList section */
	};
	rootObject = 5290CBFC2180AB7000B7A61C /* Project object */;
}
